<Solution>
  <Project Path="FarmBeware.Core.Runtime.csproj" />
  <Project Path="FarmBeware.Gameplay.Runtime.csproj" />
  <Project Path="FarmBeware.Features.Kitchen.csproj" />
  <Project Path="FarmBeware.Features.Combat.csproj" />
  <Project Path="FarmBeware.Features.Wardrobe.csproj" />
  <Project Path="Assembly-CSharp-Editor.csproj" />
  <Project Path="FarmBeware.Features.Camera.csproj" />
  <Project Path="FarmBeware.Rendering.Runtime.csproj" />
  <Project Path="FarmBeware.Features.Economy.csproj" />
  <Project Path="FarmBeware.Features.Interaction.csproj" />
  <Project Path="FarmBeware.Features.Farming.csproj" />
  <Project Path="FarmBeware.Features.Time.csproj" />
  <Project Path="FarmBeware.Features.Workbench.csproj" />
  <Project Path="FarmBeware.Features.Inventory.csproj" />
  <Project Path="Assembly-CSharp.csproj" />
  <Project Path="FarmBeware.Features.SaveSystem.csproj" />
  <Project Path="FarmBeware.Data.Runtime.csproj" />
  <Project Path="FarmBeware.Features.Trophy.csproj" />
</Solution>
